// !$*UTF8*$!
{
	archiveVersion = 1;
	classes = {
	};
	objectVersion = 46;
	objects = {

/* Begin PBXBuildFile section */
		CD1282DB15B09CCF00F87105 /* UIKit.framework in Frameworks */ = {isa = PBXBuildFile; fileRef = CD1282DA15B09CCF00F87105 /* UIKit.framework */; };
		CD1282DD15B09CCF00F87105 /* Foundation.framework in Frameworks */ = {isa = PBXBuildFile; fileRef = CD1282DC15B09CCF00F87105 /* Foundation.framework */; };
		CD1282DF15B09CCF00F87105 /* CoreGraphics.framework in Frameworks */ = {isa = PBXBuildFile; fileRef = CD1282DE15B09CCF00F87105 /* CoreGraphics.framework */; };
		CD1282E515B09CCF00F87105 /* InfoPlist.strings in Resources */ = {isa = PBXBuildFile; fileRef = CD1282E315B09CCF00F87105 /* InfoPlist.strings */; };
		CD1282E715B09CCF00F87105 /* main.m in Sources */ = {isa = PBXBuildFile; fileRef = CD1282E615B09CCF00F87105 /* main.m */; };
		CD1282EB15B09CCF00F87105 /* AppDelegate.m in Sources */ = {isa = PBXBuildFile; fileRef = CD1282EA15B09CCF00F87105 /* AppDelegate.m */; };
		CD1282EE15B09CCF00F87105 /* MainStoryboard.storyboard in Resources */ = {isa = PBXBuildFile; fileRef = CD1282EC15B09CCF00F87105 /* MainStoryboard.storyboard */; };
		CD1282F115B09CCF00F87105 /* ViewController.m in Sources */ = {isa = PBXBuildFile; fileRef = CD1282F015B09CCF00F87105 /* ViewController.m */; };
		CD1282F815B09E6800F87105 /* icon.png in Resources */ = {isa = PBXBuildFile; fileRef = CD1282F715B09E6800F87105 /* icon.png */; };
		CD1282FB15B167B200F87105 /* FloatingHeaderViewController.m in Sources */ = {isa = PBXBuildFile; fileRef = CD1282FA15B167B200F87105 /* FloatingHeaderViewController.m */; };
		CD1282FE15B16A3500F87105 /* FloatingHeaderCell.m in Sources */ = {isa = PBXBuildFile; fileRef = CD1282FD15B16A3500F87105 /* FloatingHeaderCell.m */; };
/* End PBXBuildFile section */

/* Begin PBXFileReference section */
		CD1282D615B09CCF00F87105 /* GroupedTableViewLikeSpotlight.app */ = {isa = PBXFileReference; explicitFileType = wrapper.application; includeInIndex = 0; path = GroupedTableViewLikeSpotlight.app; sourceTree = BUILT_PRODUCTS_DIR; };
		CD1282DA15B09CCF00F87105 /* UIKit.framework */ = {isa = PBXFileReference; lastKnownFileType = wrapper.framework; name = UIKit.framework; path = System/Library/Frameworks/UIKit.framework; sourceTree = SDKROOT; };
		CD1282DC15B09CCF00F87105 /* Foundation.framework */ = {isa = PBXFileReference; lastKnownFileType = wrapper.framework; name = Foundation.framework; path = System/Library/Frameworks/Foundation.framework; sourceTree = SDKROOT; };
		CD1282DE15B09CCF00F87105 /* CoreGraphics.framework */ = {isa = PBXFileReference; lastKnownFileType = wrapper.framework; name = CoreGraphics.framework; path = System/Library/Frameworks/CoreGraphics.framework; sourceTree = SDKROOT; };
		CD1282E215B09CCF00F87105 /* GroupedTableViewLikeSpotlight-Info.plist */ = {isa = PBXFileReference; lastKnownFileType = text.plist.xml; path = "GroupedTableViewLikeSpotlight-Info.plist"; sourceTree = "<group>"; };
		CD1282E415B09CCF00F87105 /* en */ = {isa = PBXFileReference; lastKnownFileType = text.plist.strings; name = en; path = en.lproj/InfoPlist.strings; sourceTree = "<group>"; };
		CD1282E615B09CCF00F87105 /* main.m */ = {isa = PBXFileReference; lastKnownFileType = sourcecode.c.objc; path = main.m; sourceTree = "<group>"; };
		CD1282E815B09CCF00F87105 /* GroupedTableViewLikeSpotlight-Prefix.pch */ = {isa = PBXFileReference; lastKnownFileType = sourcecode.c.h; path = "GroupedTableViewLikeSpotlight-Prefix.pch"; sourceTree = "<group>"; };
		CD1282E915B09CCF00F87105 /* AppDelegate.h */ = {isa = PBXFileReference; lastKnownFileType = sourcecode.c.h; path = AppDelegate.h; sourceTree = "<group>"; };
		CD1282EA15B09CCF00F87105 /* AppDelegate.m */ = {isa = PBXFileReference; lastKnownFileType = sourcecode.c.objc; path = AppDelegate.m; sourceTree = "<group>"; };
		CD1282ED15B09CCF00F87105 /* en */ = {isa = PBXFileReference; lastKnownFileType = file.storyboard; name = en; path = en.lproj/MainStoryboard.storyboard; sourceTree = "<group>"; };
		CD1282EF15B09CCF00F87105 /* ViewController.h */ = {isa = PBXFileReference; lastKnownFileType = sourcecode.c.h; path = ViewController.h; sourceTree = "<group>"; };
		CD1282F015B09CCF00F87105 /* ViewController.m */ = {isa = PBXFileReference; lastKnownFileType = sourcecode.c.objc; path = ViewController.m; sourceTree = "<group>"; };
		CD1282F715B09E6800F87105 /* icon.png */ = {isa = PBXFileReference; lastKnownFileType = image.png; path = icon.png; sourceTree = "<group>"; };
		CD1282F915B167B200F87105 /* FloatingHeaderViewController.h */ = {isa = PBXFileReference; fileEncoding = 4; lastKnownFileType = sourcecode.c.h; path = FloatingHeaderViewController.h; sourceTree = "<group>"; };
		CD1282FA15B167B200F87105 /* FloatingHeaderViewController.m */ = {isa = PBXFileReference; fileEncoding = 4; lastKnownFileType = sourcecode.c.objc; path = FloatingHeaderViewController.m; sourceTree = "<group>"; };
		CD1282FC15B16A3500F87105 /* FloatingHeaderCell.h */ = {isa = PBXFileReference; fileEncoding = 4; lastKnownFileType = sourcecode.c.h; name = FloatingHeaderCell.h; path = ../FloatingHeaderCell.h; sourceTree = "<group>"; };
		CD1282FD15B16A3500F87105 /* FloatingHeaderCell.m */ = {isa = PBXFileReference; fileEncoding = 4; lastKnownFileType = sourcecode.c.objc; name = FloatingHeaderCell.m; path = ../FloatingHeaderCell.m; sourceTree = "<group>"; };
/* End PBXFileReference section */

/* Begin PBXFrameworksBuildPhase section */
		CD1282D315B09CCF00F87105 /* Frameworks */ = {
			isa = PBXFrameworksBuildPhase;
			buildActionMask = 2147483647;
			files = (
				CD1282DB15B09CCF00F87105 /* UIKit.framework in Frameworks */,
				CD1282DD15B09CCF00F87105 /* Foundation.framework in Frameworks */,
				CD1282DF15B09CCF00F87105 /* CoreGraphics.framework in Frameworks */,
			);
			runOnlyForDeploymentPostprocessing = 0;
		};
/* End PBXFrameworksBuildPhase section */

/* Begin PBXGroup section */
		CD1282CB15B09CCE00F87105 = {
			isa = PBXGroup;
			children = (
				CD1282E015B09CCF00F87105 /* GroupedTableViewLikeSpotlight */,
				CD1282D915B09CCF00F87105 /* Frameworks */,
				CD1282D715B09CCF00F87105 /* Products */,
			);
			sourceTree = "<group>";
		};
		CD1282D715B09CCF00F87105 /* Products */ = {
			isa = PBXGroup;
			children = (
				CD1282D615B09CCF00F87105 /* GroupedTableViewLikeSpotlight.app */,
			);
			name = Products;
			sourceTree = "<group>";
		};
		CD1282D915B09CCF00F87105 /* Frameworks */ = {
			isa = PBXGroup;
			children = (
				CD1282DA15B09CCF00F87105 /* UIKit.framework */,
				CD1282DC15B09CCF00F87105 /* Foundation.framework */,
				CD1282DE15B09CCF00F87105 /* CoreGraphics.framework */,
			);
			name = Frameworks;
			sourceTree = "<group>";
		};
		CD1282E015B09CCF00F87105 /* GroupedTableViewLikeSpotlight */ = {
			isa = PBXGroup;
			children = (
				CD1282FF15B16A3C00F87105 /* FloatingHeader */,
				CD1282F715B09E6800F87105 /* icon.png */,
				CD1282E915B09CCF00F87105 /* AppDelegate.h */,
				CD1282EA15B09CCF00F87105 /* AppDelegate.m */,
				CD1282EC15B09CCF00F87105 /* MainStoryboard.storyboard */,
				CD1282EF15B09CCF00F87105 /* ViewController.h */,
				CD1282F015B09CCF00F87105 /* ViewController.m */,
				CD1282E115B09CCF00F87105 /* Supporting Files */,
			);
			path = GroupedTableViewLikeSpotlight;
			sourceTree = "<group>";
		};
		CD1282E115B09CCF00F87105 /* Supporting Files */ = {
			isa = PBXGroup;
			children = (
				CD1282E215B09CCF00F87105 /* GroupedTableViewLikeSpotlight-Info.plist */,
				CD1282E315B09CCF00F87105 /* InfoPlist.strings */,
				CD1282E615B09CCF00F87105 /* main.m */,
				CD1282E815B09CCF00F87105 /* GroupedTableViewLikeSpotlight-Prefix.pch */,
			);
			name = "Supporting Files";
			sourceTree = "<group>";
		};
		CD1282FF15B16A3C00F87105 /* FloatingHeader */ = {
			isa = PBXGroup;
			children = (
				CD1282F915B167B200F87105 /* FloatingHeaderViewController.h */,
				CD1282FA15B167B200F87105 /* FloatingHeaderViewController.m */,
				CD1282FC15B16A3500F87105 /* FloatingHeaderCell.h */,
				CD1282FD15B16A3500F87105 /* FloatingHeaderCell.m */,
			);
			name = FloatingHeader;
			sourceTree = "<group>";
		};
/* End PBXGroup section */

/* Begin PBXNativeTarget section */
		CD1282D515B09CCF00F87105 /* GroupedTableViewLikeSpotlight */ = {
			isa = PBXNativeTarget;
			buildConfigurationList = CD1282F415B09CCF00F87105 /* Build configuration list for PBXNativeTarget "GroupedTableViewLikeSpotlight" */;
			buildPhases = (
				CD1282D215B09CCF00F87105 /* Sources */,
				CD1282D315B09CCF00F87105 /* Frameworks */,
				CD1282D415B09CCF00F87105 /* Resources */,
			);
			buildRules = (
			);
			dependencies = (
			);
			name = GroupedTableViewLikeSpotlight;
			productName = GroupedTableViewLikeSpotlight;
			productReference = CD1282D615B09CCF00F87105 /* GroupedTableViewLikeSpotlight.app */;
			productType = "com.apple.product-type.application";
		};
/* End PBXNativeTarget section */

/* Begin PBXProject section */
		CD1282CD15B09CCE00F87105 /* Project object */ = {
			isa = PBXProject;
			attributes = {
				LastUpgradeCheck = 0430;
				ORGANIZATIONNAME = "Monostream GmbH";
			};
			buildConfigurationList = CD1282D015B09CCE00F87105 /* Build configuration list for PBXProject "GroupedTableViewLikeSpotlight" */;
			compatibilityVersion = "Xcode 3.2";
			developmentRegion = English;
			hasScannedForEncodings = 0;
			knownRegions = (
				en,
			);
			mainGroup = CD1282CB15B09CCE00F87105;
			productRefGroup = CD1282D715B09CCF00F87105 /* Products */;
			projectDirPath = "";
			projectRoot = "";
			targets = (
				CD1282D515B09CCF00F87105 /* GroupedTableViewLikeSpotlight */,
			);
		};
/* End PBXProject section */

/* Begin PBXResourcesBuildPhase section */
		CD1282D415B09CCF00F87105 /* Resources */ = {
			isa = PBXResourcesBuildPhase;
			buildActionMask = 2147483647;
			files = (
				CD1282E515B09CCF00F87105 /* InfoPlist.strings in Resources */,
				CD1282EE15B09CCF00F87105 /* MainStoryboard.storyboard in Resources */,
				CD1282F815B09E6800F87105 /* icon.png in Resources */,
			);
			runOnlyForDeploymentPostprocessing = 0;
		};
/* End PBXResourcesBuildPhase section */

/* Begin PBXSourcesBuildPhase section */
		CD1282D215B09CCF00F87105 /* Sources */ = {
			isa = PBXSourcesBuildPhase;
			buildActionMask = 2147483647;
			files = (
				CD1282E715B09CCF00F87105 /* main.m in Sources */,
				CD1282EB15B09CCF00F87105 /* AppDelegate.m in Sources */,
				CD1282F115B09CCF00F87105 /* ViewController.m in Sources */,
				CD1282FB15B167B200F87105 /* FloatingHeaderViewController.m in Sources */,
				CD1282FE15B16A3500F87105 /* FloatingHeaderCell.m in Sources */,
			);
			runOnlyForDeploymentPostprocessing = 0;
		};
/* End PBXSourcesBuildPhase section */

/* Begin PBXVariantGroup section */
		CD1282E315B09CCF00F87105 /* InfoPlist.strings */ = {
			isa = PBXVariantGroup;
			children = (
				CD1282E415B09CCF00F87105 /* en */,
			);
			name = InfoPlist.strings;
			sourceTree = "<group>";
		};
		CD1282EC15B09CCF00F87105 /* MainStoryboard.storyboard */ = {
			isa = PBXVariantGroup;
			children = (
				CD1282ED15B09CCF00F87105 /* en */,
			);
			name = MainStoryboard.storyboard;
			sourceTree = "<group>";
		};
/* End PBXVariantGroup section */

/* Begin XCBuildConfiguration section */
		CD1282F215B09CCF00F87105 /* Debug */ = {
			isa = XCBuildConfiguration;
			buildSettings = {
				ALWAYS_SEARCH_USER_PATHS = NO;
				ARCHS = "$(ARCHS_STANDARD_32_BIT)";
				CLANG_ENABLE_OBJC_ARC = YES;
				"CODE_SIGN_IDENTITY[sdk=iphoneos*]" = "iPhone Developer";
				COPY_PHASE_STRIP = NO;
				GCC_C_LANGUAGE_STANDARD = gnu99;
				GCC_DYNAMIC_NO_PIC = NO;
				GCC_OPTIMIZATION_LEVEL = 0;
				GCC_PREPROCESSOR_DEFINITIONS = (
					"DEBUG=1",
					"$(inherited)",
				);
				GCC_SYMBOLS_PRIVATE_EXTERN = NO;
				GCC_VERSION = com.apple.compilers.llvm.clang.1_0;
				GCC_WARN_ABOUT_RETURN_TYPE = YES;
				GCC_WARN_UNINITIALIZED_AUTOS = YES;
				GCC_WARN_UNUSED_VARIABLE = YES;
				IPHONEOS_DEPLOYMENT_TARGET = 5.1;
				SDKROOT = iphoneos;
			};
			name = Debug;
		};
		CD1282F315B09CCF00F87105 /* Release */ = {
			isa = XCBuildConfiguration;
			buildSettings = {
				ALWAYS_SEARCH_USER_PATHS = NO;
				ARCHS = "$(ARCHS_STANDARD_32_BIT)";
				CLANG_ENABLE_OBJC_ARC = YES;
				"CODE_SIGN_IDENTITY[sdk=iphoneos*]" = "iPhone Developer";
				COPY_PHASE_STRIP = YES;
				GCC_C_LANGUAGE_STANDARD = gnu99;
				GCC_VERSION = com.apple.compilers.llvm.clang.1_0;
				GCC_WARN_ABOUT_RETURN_TYPE = YES;
				GCC_WARN_UNINITIALIZED_AUTOS = YES;
				GCC_WARN_UNUSED_VARIABLE = YES;
				IPHONEOS_DEPLOYMENT_TARGET = 5.1;
				OTHER_CFLAGS = "-DNS_BLOCK_ASSERTIONS=1";
				SDKROOT = iphoneos;
				VALIDATE_PRODUCT = YES;
			};
			name = Release;
		};
		CD1282F515B09CCF00F87105 /* Debug */ = {
			isa = XCBuildConfiguration;
			buildSettings = {
				GCC_PRECOMPILE_PREFIX_HEADER = YES;
				GCC_PREFIX_HEADER = "GroupedTableViewLikeSpotlight/GroupedTableViewLikeSpotlight-Prefix.pch";
				INFOPLIST_FILE = "GroupedTableViewLikeSpotlight/GroupedTableViewLikeSpotlight-Info.plist";
				PRODUCT_NAME = "$(TARGET_NAME)";
				WRAPPER_EXTENSION = app;
			};
			name = Debug;
		};
		CD1282F615B09CCF00F87105 /* Release */ = {
			isa = XCBuildConfiguration;
			buildSettings = {
				GCC_PRECOMPILE_PREFIX_HEADER = YES;
				GCC_PREFIX_HEADER = "GroupedTableViewLikeSpotlight/GroupedTableViewLikeSpotlight-Prefix.pch";
				INFOPLIST_FILE = "GroupedTableViewLikeSpotlight/GroupedTableViewLikeSpotlight-Info.plist";
				PRODUCT_NAME = "$(TARGET_NAME)";
				WRAPPER_EXTENSION = app;
			};
			name = Release;
		};
/* End XCBuildConfiguration section */

/* Begin XCConfigurationList section */
		CD1282D015B09CCE00F87105 /* Build configuration list for PBXProject "GroupedTableViewLikeSpotlight" */ = {
			isa = XCConfigurationList;
			buildConfigurations = (
				CD1282F215B09CCF00F87105 /* Debug */,
				CD1282F315B09CCF00F87105 /* Release */,
			);
			defaultConfigurationIsVisible = 0;
			defaultConfigurationName = Release;
		};
		CD1282F415B09CCF00F87105 /* Build configuration list for PBXNativeTarget "GroupedTableViewLikeSpotlight" */ = {
			isa = XCConfigurationList;
			buildConfigurations = (
				CD1282F515B09CCF00F87105 /* Debug */,
				CD1282F615B09CCF00F87105 /* Release */,
			);
			defaultConfigurationIsVisible = 0;
		};
/* End XCConfigurationList section */
	};
	rootObject = CD1282CD15B09CCE00F87105 /* Project object */;
}
